// !$*UTF8*$!
{
	archiveVersion = 1;
	classes = {
	};
	objectVersion = 55;
	objects = {

/* Begin PBXBuildFile section */
		D68627A928C750D400441F2A /* AuthentificationHelper.swift in Sources */ = {isa = PBXBuildFile; fileRef = D68627A828C750D400441F2A /* AuthentificationHelper.swift */; };
		D68627AB28C765F900441F2A /* ProteinListView.swift in Sources */ = {isa = PBXBuildFile; fileRef = D68627AA28C765F800441F2A /* ProteinListView.swift */; };
		D68627AE28C76DE000441F2A /* ProteinTextToDict.swift in Sources */ = {isa = PBXBuildFile; fileRef = D68627AD28C76DE000441F2A /* ProteinTextToDict.swift */; };
		D68627B228C7714000441F2A /* ligands.txt in Resources */ = {isa = PBXBuildFile; fileRef = D68627B128C7714000441F2A /* ligands.txt */; };
		D68627B428C7939200441F2A /* ProteinDetailView.swift in Sources */ = {isa = PBXBuildFile; fileRef = D68627B328C7939100441F2A /* ProteinDetailView.swift */; };
		D6A9E35628C623C100973A5C /* swifty_proteinsApp.swift in Sources */ = {isa = PBXBuildFile; fileRef = D6A9E35528C623C100973A5C /* swifty_proteinsApp.swift */; };
		D6A9E35828C623C100973A5C /* ContentView.swift in Sources */ = {isa = PBXBuildFile; fileRef = D6A9E35728C623C100973A5C /* ContentView.swift */; };
		D6A9E35A28C623C400973A5C /* Assets.xcassets in Resources */ = {isa = PBXBuildFile; fileRef = D6A9E35928C623C400973A5C /* Assets.xcassets */; };
		D6A9E35D28C623C400973A5C /* Preview Assets.xcassets in Resources */ = {isa = PBXBuildFile; fileRef = D6A9E35C28C623C400973A5C /* Preview Assets.xcassets */; };
/* End PBXBuildFile section */

/* Begin PBXFileReference section */
		D68627A328C73E1700441F2A /* Info.plist */ = {isa = PBXFileReference; lastKnownFileType = text.plist; path = Info.plist; sourceTree = "<group>"; };
		D68627A828C750D400441F2A /* AuthentificationHelper.swift */ = {isa = PBXFileReference; lastKnownFileType = sourcecode.swift; path = AuthentificationHelper.swift; sourceTree = "<group>"; };
		D68627AA28C765F800441F2A /* ProteinListView.swift */ = {isa = PBXFileReference; lastKnownFileType = sourcecode.swift; path = ProteinListView.swift; sourceTree = "<group>"; };
		D68627AD28C76DE000441F2A /* ProteinTextToDict.swift */ = {isa = PBXFileReference; lastKnownFileType = sourcecode.swift; path = ProteinTextToDict.swift; sourceTree = "<group>"; };
		D68627B128C7714000441F2A /* ligands.txt */ = {isa = PBXFileReference; fileEncoding = 4; lastKnownFileType = text; path = ligands.txt; sourceTree = "<group>"; };
		D68627B328C7939100441F2A /* ProteinDetailView.swift */ = {isa = PBXFileReference; lastKnownFileType = sourcecode.swift; path = ProteinDetailView.swift; sourceTree = "<group>"; };
		D6A9E35228C623C100973A5C /* swifty-proteins.app */ = {isa = PBXFileReference; explicitFileType = wrapper.application; includeInIndex = 0; path = "swifty-proteins.app"; sourceTree = BUILT_PRODUCTS_DIR; };
		D6A9E35528C623C100973A5C /* swifty_proteinsApp.swift */ = {isa = PBXFileReference; lastKnownFileType = sourcecode.swift; path = swifty_proteinsApp.swift; sourceTree = "<group>"; };
		D6A9E35728C623C100973A5C /* ContentView.swift */ = {isa = PBXFileReference; lastKnownFileType = sourcecode.swift; path = ContentView.swift; sourceTree = "<group>"; };
		D6A9E35928C623C400973A5C /* Assets.xcassets */ = {isa = PBXFileReference; lastKnownFileType = folder.assetcatalog; path = Assets.xcassets; sourceTree = "<group>"; };
		D6A9E35C28C623C400973A5C /* Preview Assets.xcassets */ = {isa = PBXFileReference; lastKnownFileType = folder.assetcatalog; path = "Preview Assets.xcassets"; sourceTree = "<group>"; };
/* End PBXFileReference section */

/* Begin PBXFrameworksBuildPhase section */
		D6A9E34F28C623C100973A5C /* Frameworks */ = {
			isa = PBXFrameworksBuildPhase;
			buildActionMask = 2147483647;
			files = (
			);
			runOnlyForDeploymentPostprocessing = 0;
		};
/* End PBXFrameworksBuildPhase section */

/* Begin PBXGroup section */
		D68627A728C750C400441F2A /* Helpers */ = {
			isa = PBXGroup;
			children = (
				D68627A828C750D400441F2A /* AuthentificationHelper.swift */,
				D68627AD28C76DE000441F2A /* ProteinTextToDict.swift */,
			);
			path = Helpers;
			sourceTree = "<group>";
		};
		D68627AC28C7675000441F2A /* Resources */ = {
			isa = PBXGroup;
			children = (
			);
			path = Resources;
			sourceTree = "<group>";
		};
		D6A9E34928C623C100973A5C = {
			isa = PBXGroup;
			children = (
				D68627B128C7714000441F2A /* ligands.txt */,
				D68627AC28C7675000441F2A /* Resources */,
				D6A9E35428C623C100973A5C /* swifty-proteins */,
				D6A9E35B28C623C400973A5C /* Preview Content */,
				D6A9E35328C623C100973A5C /* Products */,
			);
			sourceTree = "<group>";
		};
		D6A9E35328C623C100973A5C /* Products */ = {
			isa = PBXGroup;
			children = (
				D6A9E35228C623C100973A5C /* swifty-proteins.app */,
			);
			name = Products;
			sourceTree = "<group>";
		};
		D6A9E35428C623C100973A5C /* swifty-proteins */ = {
			isa = PBXGroup;
			children = (
				D68627A728C750C400441F2A /* Helpers */,
				D6A9E35528C623C100973A5C /* swifty_proteinsApp.swift */,
				D68627A328C73E1700441F2A /* Info.plist */,
				D6EE319128C63CA90091E5B3 /* Models */,
				D6A9E36328C6243C00973A5C /* Views */,
				D6A9E35928C623C400973A5C /* Assets.xcassets */,
			);
			path = "swifty-proteins";
			sourceTree = "<group>";
		};
		D6A9E35B28C623C400973A5C /* Preview Content */ = {
			isa = PBXGroup;
			children = (
				D6A9E35C28C623C400973A5C /* Preview Assets.xcassets */,
			);
			path = "Preview Content";
			sourceTree = "<group>";
		};
		D6A9E36328C6243C00973A5C /* Views */ = {
			isa = PBXGroup;
			children = (
				D6A9E35728C623C100973A5C /* ContentView.swift */,
				D68627AA28C765F800441F2A /* ProteinListView.swift */,
				D68627B328C7939100441F2A /* ProteinDetailView.swift */,
			);
			path = Views;
			sourceTree = "<group>";
		};
		D6EE319128C63CA90091E5B3 /* Models */ = {
			isa = PBXGroup;
			children = (
			);
			name = Models;
			sourceTree = "<group>";
		};
/* End PBXGroup section */

/* Begin PBXNativeTarget section */
		D6A9E35128C623C100973A5C /* swifty-proteins */ = {
			isa = PBXNativeTarget;
			buildConfigurationList = D6A9E36028C623C400973A5C /* Build configuration list for PBXNativeTarget "swifty-proteins" */;
			buildPhases = (
				D6A9E34E28C623C100973A5C /* Sources */,
				D6A9E34F28C623C100973A5C /* Frameworks */,
				D6A9E35028C623C100973A5C /* Resources */,
			);
			buildRules = (
			);
			dependencies = (
			);
			name = "swifty-proteins";
			productName = "swifty-proteins";
			productReference = D6A9E35228C623C100973A5C /* swifty-proteins.app */;
			productType = "com.apple.product-type.application";
		};
/* End PBXNativeTarget section */

/* Begin PBXProject section */
		D6A9E34A28C623C100973A5C /* Project object */ = {
			isa = PBXProject;
			attributes = {
				BuildIndependentTargetsInParallel = 1;
				LastSwiftUpdateCheck = 1340;
				LastUpgradeCheck = 1340;
				TargetAttributes = {
					D6A9E35128C623C100973A5C = {
						CreatedOnToolsVersion = 13.4.1;
					};
				};
			};
			buildConfigurationList = D6A9E34D28C623C100973A5C /* Build configuration list for PBXProject "swifty-proteins" */;
			compatibilityVersion = "Xcode 13.0";
			developmentRegion = en;
			hasScannedForEncodings = 0;
			knownRegions = (
				en,
				Base,
			);
			mainGroup = D6A9E34928C623C100973A5C;
			productRefGroup = D6A9E35328C623C100973A5C /* Products */;
			projectDirPath = "";
			projectRoot = "";
			targets = (
				D6A9E35128C623C100973A5C /* swifty-proteins */,
			);
		};
/* End PBXProject section */

/* Begin PBXResourcesBuildPhase section */
		D6A9E35028C623C100973A5C /* Resources */ = {
			isa = PBXResourcesBuildPhase;
			buildActionMask = 2147483647;
			files = (
				D6A9E35D28C623C400973A5C /* Preview Assets.xcassets in Resources */,
				D6A9E35A28C623C400973A5C /* Assets.xcassets in Resources */,
				D68627B228C7714000441F2A /* ligands.txt in Resources */,
			);
			runOnlyForDeploymentPostprocessing = 0;
		};
/* End PBXResourcesBuildPhase section */

/* Begin PBXSourcesBuildPhase section */
		D6A9E34E28C623C100973A5C /* Sources */ = {
			isa = PBXSourcesBuildPhase;
			buildActionMask = 2147483647;
			files = (
				D68627AB28C765F900441F2A /* ProteinListView.swift in Sources */,
				D6A9E35828C623C100973A5C /* ContentView.swift in Sources */,
				D68627AE28C76DE000441F2A /* ProteinTextToDict.swift in Sources */,
				D68627A928C750D400441F2A /* AuthentificationHelper.swift in Sources */,
				D6A9E35628C623C100973A5C /* swifty_proteinsApp.swift in Sources */,
				D68627B428C7939200441F2A /* ProteinDetailView.swift in Sources */,
			);
			runOnlyForDeploymentPostprocessing = 0;
		};
/* End PBXSourcesBuildPhase section */

/* Begin XCBuildConfiguration section */
		D6A9E35E28C623C400973A5C /* Debug */ = {
			isa = XCBuildConfiguration;
			buildSettings = {
				ALWAYS_SEARCH_USER_PATHS = NO;
				CLANG_ANALYZER_NONNULL = YES;
				CLANG_ANALYZER_NUMBER_OBJECT_CONVERSION = YES_AGGRESSIVE;
				CLANG_CXX_LANGUAGE_STANDARD = "gnu++17";
				CLANG_ENABLE_MODULES = YES;
				CLANG_ENABLE_OBJC_ARC = YES;
				CLANG_ENABLE_OBJC_WEAK = YES;
				CLANG_WARN_BLOCK_CAPTURE_AUTORELEASING = YES;
				CLANG_WARN_BOOL_CONVERSION = YES;
				CLANG_WARN_COMMA = YES;
				CLANG_WARN_CONSTANT_CONVERSION = YES;
				CLANG_WARN_DEPRECATED_OBJC_IMPLEMENTATIONS = YES;
				CLANG_WARN_DIRECT_OBJC_ISA_USAGE = YES_ERROR;
				CLANG_WARN_DOCUMENTATION_COMMENTS = YES;
				CLANG_WARN_EMPTY_BODY = YES;
				CLANG_WARN_ENUM_CONVERSION = YES;
				CLANG_WARN_INFINITE_RECURSION = YES;
				CLANG_WARN_INT_CONVERSION = YES;
				CLANG_WARN_NON_LITERAL_NULL_CONVERSION = YES;
				CLANG_WARN_OBJC_IMPLICIT_RETAIN_SELF = YES;
				CLANG_WARN_OBJC_LITERAL_CONVERSION = YES;
				CLANG_WARN_OBJC_ROOT_CLASS = YES_ERROR;
				CLANG_WARN_QUOTED_INCLUDE_IN_FRAMEWORK_HEADER = YES;
				CLANG_WARN_RANGE_LOOP_ANALYSIS = YES;
				CLANG_WARN_STRICT_PROTOTYPES = YES;
				CLANG_WARN_SUSPICIOUS_MOVE = YES;
				CLANG_WARN_UNGUARDED_AVAILABILITY = YES_AGGRESSIVE;
				CLANG_WARN_UNREACHABLE_CODE = YES;
				CLANG_WARN__DUPLICATE_METHOD_MATCH = YES;
				COPY_PHASE_STRIP = NO;
				DEBUG_INFORMATION_FORMAT = dwarf;
				ENABLE_STRICT_OBJC_MSGSEND = YES;
				ENABLE_TESTABILITY = YES;
				GCC_C_LANGUAGE_STANDARD = gnu11;
				GCC_DYNAMIC_NO_PIC = NO;
				GCC_NO_COMMON_BLOCKS = YES;
				GCC_OPTIMIZATION_LEVEL = 0;
				GCC_PREPROCESSOR_DEFINITIONS = (
					"DEBUG=1",
					"$(inherited)",
				);
				GCC_WARN_64_TO_32_BIT_CONVERSION = YES;
				GCC_WARN_ABOUT_RETURN_TYPE = YES_ERROR;
				GCC_WARN_UNDECLARED_SELECTOR = YES;
				GCC_WARN_UNINITIALIZED_AUTOS = YES_AGGRESSIVE;
				GCC_WARN_UNUSED_FUNCTION = YES;
				GCC_WARN_UNUSED_VARIABLE = YES;
				IPHONEOS_DEPLOYMENT_TARGET = 15.5;
				MTL_ENABLE_DEBUG_INFO = INCLUDE_SOURCE;
				MTL_FAST_MATH = YES;
				ONLY_ACTIVE_ARCH = YES;
				SDKROOT = iphoneos;
				SWIFT_ACTIVE_COMPILATION_CONDITIONS = DEBUG;
				SWIFT_OPTIMIZATION_LEVEL = "-Onone";
			};
			name = Debug;
		};
		D6A9E35F28C623C400973A5C /* Release */ = {
			isa = XCBuildConfiguration;
			buildSettings = {
				ALWAYS_SEARCH_USER_PATHS = NO;
				CLANG_ANALYZER_NONNULL = YES;
				CLANG_ANALYZER_NUMBER_OBJECT_CONVERSION = YES_AGGRESSIVE;
				CLANG_CXX_LANGUAGE_STANDARD = "gnu++17";
				CLANG_ENABLE_MODULES = YES;
				CLANG_ENABLE_OBJC_ARC = YES;
				CLANG_ENABLE_OBJC_WEAK = YES;
				CLANG_WARN_BLOCK_CAPTURE_AUTORELEASING = YES;
				CLANG_WARN_BOOL_CONVERSION = YES;
				CLANG_WARN_COMMA = YES;
				CLANG_WARN_CONSTANT_CONVERSION = YES;
				CLANG_WARN_DEPRECATED_OBJC_IMPLEMENTATIONS = YES;
				CLANG_WARN_DIRECT_OBJC_ISA_USAGE = YES_ERROR;
				CLANG_WARN_DOCUMENTATION_COMMENTS = YES;
				CLANG_WARN_EMPTY_BODY = YES;
				CLANG_WARN_ENUM_CONVERSION = YES;
				CLANG_WARN_INFINITE_RECURSION = YES;
				CLANG_WARN_INT_CONVERSION = YES;
				CLANG_WARN_NON_LITERAL_NULL_CONVERSION = YES;
				CLANG_WARN_OBJC_IMPLICIT_RETAIN_SELF = YES;
				CLANG_WARN_OBJC_LITERAL_CONVERSION = YES;
				CLANG_WARN_OBJC_ROOT_CLASS = YES_ERROR;
				CLANG_WARN_QUOTED_INCLUDE_IN_FRAMEWORK_HEADER = YES;
				CLANG_WARN_RANGE_LOOP_ANALYSIS = YES;
				CLANG_WARN_STRICT_PROTOTYPES = YES;
				CLANG_WARN_SUSPICIOUS_MOVE = YES;
				CLANG_WARN_UNGUARDED_AVAILABILITY = YES_AGGRESSIVE;
				CLANG_WARN_UNREACHABLE_CODE = YES;
				CLANG_WARN__DUPLICATE_METHOD_MATCH = YES;
				COPY_PHASE_STRIP = NO;
				DEBUG_INFORMATION_FORMAT = "dwarf-with-dsym";
				ENABLE_NS_ASSERTIONS = NO;
				ENABLE_STRICT_OBJC_MSGSEND = YES;
				GCC_C_LANGUAGE_STANDARD = gnu11;
				GCC_NO_COMMON_BLOCKS = YES;
				GCC_WARN_64_TO_32_BIT_CONVERSION = YES;
				GCC_WARN_ABOUT_RETURN_TYPE = YES_ERROR;
				GCC_WARN_UNDECLARED_SELECTOR = YES;
				GCC_WARN_UNINITIALIZED_AUTOS = YES_AGGRESSIVE;
				GCC_WARN_UNUSED_FUNCTION = YES;
				GCC_WARN_UNUSED_VARIABLE = YES;
				IPHONEOS_DEPLOYMENT_TARGET = 15.5;
				MTL_ENABLE_DEBUG_INFO = NO;
				MTL_FAST_MATH = YES;
				SDKROOT = iphoneos;
				SWIFT_COMPILATION_MODE = wholemodule;
				SWIFT_OPTIMIZATION_LEVEL = "-O";
				VALIDATE_PRODUCT = YES;
			};
			name = Release;
		};
		D6A9E36128C623C400973A5C /* Debug */ = {
			isa = XCBuildConfiguration;
			buildSettings = {
				ASSETCATALOG_COMPILER_APPICON_NAME = AppIcon;
				ASSETCATALOG_COMPILER_GLOBAL_ACCENT_COLOR_NAME = AccentColor;
				CODE_SIGN_STYLE = Automatic;
				CURRENT_PROJECT_VERSION = 1;
				DEVELOPMENT_ASSET_PATHS = "\"swifty-proteins/Preview Content\"";
				DEVELOPMENT_TEAM = 2GX2JHQ98K;
				ENABLE_PREVIEWS = YES;
				GENERATE_INFOPLIST_FILE = YES;
				INFOPLIST_FILE = "swifty-proteins/Info.plist";
				INFOPLIST_KEY_NSFaceIDUsageDescription = "We need to log you in to access the application data";
				INFOPLIST_KEY_UIApplicationSceneManifest_Generation = YES;
				INFOPLIST_KEY_UIApplicationSupportsIndirectInputEvents = YES;
				INFOPLIST_KEY_UISupportedInterfaceOrientations_iPad = "UIInterfaceOrientationPortrait UIInterfaceOrientationPortraitUpsideDown UIInterfaceOrientationLandscapeLeft UIInterfaceOrientationLandscapeRight";
				INFOPLIST_KEY_UISupportedInterfaceOrientations_iPhone = "UIInterfaceOrientationPortrait UIInterfaceOrientationLandscapeLeft UIInterfaceOrientationLandscapeRight";
				LD_RUNPATH_SEARCH_PATHS = (
					"$(inherited)",
					"@executable_path/Frameworks",
				);
				MARKETING_VERSION = 1.0;
				PRODUCT_BUNDLE_IDENTIFIER = "com.stins.swifty-proteins";
				PRODUCT_NAME = "$(TARGET_NAME)";
				SWIFT_EMIT_LOC_STRINGS = YES;
				SWIFT_VERSION = 5.0;
				TARGETED_DEVICE_FAMILY = "1,2";
			};
			name = Debug;
		};
		D6A9E36228C623C400973A5C /* Release */ = {
			isa = XCBuildConfiguration;
			buildSettings = {
				ASSETCATALOG_COMPILER_APPICON_NAME = AppIcon;
				ASSETCATALOG_COMPILER_GLOBAL_ACCENT_COLOR_NAME = AccentColor;
				CODE_SIGN_STYLE = Automatic;
				CURRENT_PROJECT_VERSION = 1;
				DEVELOPMENT_ASSET_PATHS = "\"swifty-proteins/Preview Content\"";
				DEVELOPMENT_TEAM = 2GX2JHQ98K;
				ENABLE_PREVIEWS = YES;
				GENERATE_INFOPLIST_FILE = YES;
				INFOPLIST_FILE = "swifty-proteins/Info.plist";
				INFOPLIST_KEY_NSFaceIDUsageDescription = "We need to log you in to access the application data";
				INFOPLIST_KEY_UIApplicationSceneManifest_Generation = YES;
				INFOPLIST_KEY_UIApplicationSupportsIndirectInputEvents = YES;
				INFOPLIST_KEY_UISupportedInterfaceOrientations_iPad = "UIInterfaceOrientationPortrait UIInterfaceOrientationPortraitUpsideDown UIInterfaceOrientationLandscapeLeft UIInterfaceOrientationLandscapeRight";
				INFOPLIST_KEY_UISupportedInterfaceOrientations_iPhone = "UIInterfaceOrientationPortrait UIInterfaceOrientationLandscapeLeft UIInterfaceOrientationLandscapeRight";
				LD_RUNPATH_SEARCH_PATHS = (
					"$(inherited)",
					"@executable_path/Frameworks",
				);
				MARKETING_VERSION = 1.0;
				PRODUCT_BUNDLE_IDENTIFIER = "com.stins.swifty-proteins";
				PRODUCT_NAME = "$(TARGET_NAME)";
				SWIFT_EMIT_LOC_STRINGS = YES;
				SWIFT_VERSION = 5.0;
				TARGETED_DEVICE_FAMILY = "1,2";
			};
			name = Release;
		};
/* End XCBuildConfiguration section */

/* Begin XCConfigurationList section */
		D6A9E34D28C623C100973A5C /* Build configuration list for PBXProject "swifty-proteins" */ = {
			isa = XCConfigurationList;
			buildConfigurations = (
				D6A9E35E28C623C400973A5C /* Debug */,
				D6A9E35F28C623C400973A5C /* Release */,
			);
			defaultConfigurationIsVisible = 0;
			defaultConfigurationName = Release;
		};
		D6A9E36028C623C400973A5C /* Build configuration list for PBXNativeTarget "swifty-proteins" */ = {
			isa = XCConfigurationList;
			buildConfigurations = (
				D6A9E36128C623C400973A5C /* Debug */,
				D6A9E36228C623C400973A5C /* Release */,
			);
			defaultConfigurationIsVisible = 0;
			defaultConfigurationName = Release;
		};
/* End XCConfigurationList section */
	};
	rootObject = D6A9E34A28C623C100973A5C /* Project object */;
}
